
Microsoft Visual Studio Solution File, Format Version 12.00
# Visual Studio Version 17
VisualStudioVersion = 17.7.34202.233
MinimumVisualStudioVersion = 10.0.40219.1
Project("{FAE04EC0-301F-11D3-BF4B-00C04F79EFBC}") = "ConsoleApp1", "ConsoleApp1\ConsoleApp1.csproj", "{11F62638-3164-49E8-B2A6-84311D00FEB9}"
EndProject
Global
	GlobalSection(SolutionConfigurationPlatforms) = preSolution
		Debug|Any CPU = Debug|Any CPU
		Release|Any CPU = Release|Any CPU
	EndGlobalSection
	GlobalSection(ProjectConfigurationPlatforms) = postSolution
		{11F62638-3164-49E8-B2A6-84311D00FEB9}.Debug|Any CPU.ActiveCfg = Debug|Any CPU
		{11F62638-3164-49E8-B2A6-84311D00FEB9}.Debug|Any CPU.Build.0 = Debug|Any CPU
		{11F62638-3164-49E8-B2A6-84311D00FEB9}.Release|Any CPU.ActiveCfg = Release|Any CPU
		{11F62638-3164-49E8-B2A6-84311D00FEB9}.Release|Any CPU.Build.0 = Release|Any CPU
	EndGlobalSection
	GlobalSection(SolutionProperties) = preSolution
		HideSolutionNode = FALSE
	EndGlobalSection
	GlobalSection(ExtensibilityGlobals) = postSolution
		SolutionGuid = {4016F32C-6219-4C05-8E3C-D2436522D836}
	EndGlobalSection
EndGlobal
