
Microsoft Visual Studio Solution File, Format Version 12.00
# Visual Studio Version 17
VisualStudioVersion = 17.7.34202.233
MinimumVisualStudioVersion = 10.0.40219.1
Project("{FAE04EC0-301F-11D3-BF4B-00C04F79EFBC}") = "good", "good\good.csproj", "{A0D047AB-3F2D-456F-AF44-01F46FCB43EF}"
EndProject
Global
	GlobalSection(SolutionConfigurationPlatforms) = preSolution
		Debug|Any CPU = Debug|Any CPU
		Release|Any CPU = Release|Any CPU
	EndGlobalSection
	GlobalSection(ProjectConfigurationPlatforms) = postSolution
		{A0D047AB-3F2D-456F-AF44-01F46FCB43EF}.Debug|Any CPU.ActiveCfg = Debug|Any CPU
		{A0D047AB-3F2D-456F-AF44-01F46FCB43EF}.Debug|Any CPU.Build.0 = Debug|Any CPU
		{A0D047AB-3F2D-456F-AF44-01F46FCB43EF}.Release|Any CPU.ActiveCfg = Release|Any CPU
		{A0D047AB-3F2D-456F-AF44-01F46FCB43EF}.Release|Any CPU.Build.0 = Release|Any CPU
	EndGlobalSection
	GlobalSection(SolutionProperties) = preSolution
		HideSolutionNode = FALSE
	EndGlobalSection
	GlobalSection(ExtensibilityGlobals) = postSolution
		SolutionGuid = {8399C585-2791-40C4-8D34-F10503D0D701}
	EndGlobalSection
EndGlobal
