
Microsoft Visual Studio Solution File, Format Version 12.00
# Visual Studio Version 17
VisualStudioVersion = 17.7.34202.233
MinimumVisualStudioVersion = 10.0.40219.1
Project("{FAE04EC0-301F-11D3-BF4B-00C04F79EFBC}") = "Bible", "Bible\Bible.csproj", "{7D08552A-6424-4D16-A735-E129C90FFB9E}"
EndProject
Global
	GlobalSection(SolutionConfigurationPlatforms) = preSolution
		Debug|Any CPU = Debug|Any CPU
		Release|Any CPU = Release|Any CPU
	EndGlobalSection
	GlobalSection(ProjectConfigurationPlatforms) = postSolution
		{7D08552A-6424-4D16-A735-E129C90FFB9E}.Debug|Any CPU.ActiveCfg = Debug|Any CPU
		{7D08552A-6424-4D16-A735-E129C90FFB9E}.Debug|Any CPU.Build.0 = Debug|Any CPU
		{7D08552A-6424-4D16-A735-E129C90FFB9E}.Release|Any CPU.ActiveCfg = Release|Any CPU
		{7D08552A-6424-4D16-A735-E129C90FFB9E}.Release|Any CPU.Build.0 = Release|Any CPU
	EndGlobalSection
	GlobalSection(SolutionProperties) = preSolution
		HideSolutionNode = FALSE
	EndGlobalSection
	GlobalSection(ExtensibilityGlobals) = postSolution
		SolutionGuid = {A7988073-4095-4000-A451-FE17A3C7CE1F}
	EndGlobalSection
EndGlobal
