
Microsoft Visual Studio Solution File, Format Version 12.00
# Visual Studio Version 17
VisualStudioVersion = 17.7.34202.233
MinimumVisualStudioVersion = 10.0.40219.1
Project("{FAE04EC0-301F-11D3-BF4B-00C04F79EFBC}") = "Socoban1", "Socoban1\Socoban1.csproj", "{1B629F4D-2EB5-49D6-89F3-66BFB59B8005}"
EndProject
Global
	GlobalSection(SolutionConfigurationPlatforms) = preSolution
		Debug|Any CPU = Debug|Any CPU
		Release|Any CPU = Release|Any CPU
	EndGlobalSection
	GlobalSection(ProjectConfigurationPlatforms) = postSolution
		{1B629F4D-2EB5-49D6-89F3-66BFB59B8005}.Debug|Any CPU.ActiveCfg = Debug|Any CPU
		{1B629F4D-2EB5-49D6-89F3-66BFB59B8005}.Debug|Any CPU.Build.0 = Debug|Any CPU
		{1B629F4D-2EB5-49D6-89F3-66BFB59B8005}.Release|Any CPU.ActiveCfg = Release|Any CPU
		{1B629F4D-2EB5-49D6-89F3-66BFB59B8005}.Release|Any CPU.Build.0 = Release|Any CPU
	EndGlobalSection
	GlobalSection(SolutionProperties) = preSolution
		HideSolutionNode = FALSE
	EndGlobalSection
	GlobalSection(ExtensibilityGlobals) = postSolution
		SolutionGuid = {3D3FA88C-0BE9-4CD7-80A3-98200541ED08}
	EndGlobalSection
EndGlobal
