
Microsoft Visual Studio Solution File, Format Version 12.00
# Visual Studio Version 17
VisualStudioVersion = 17.7.34202.233
MinimumVisualStudioVersion = 10.0.40219.1
Project("{FAE04EC0-301F-11D3-BF4B-00C04F79EFBC}") = "Sokoban_Namgi", "Sokoban_Namgi.csproj", "{8B4D00C9-3F96-414C-8312-BB7B0B67BD0E}"
EndProject
Global
	GlobalSection(SolutionConfigurationPlatforms) = preSolution
		Debug|Any CPU = Debug|Any CPU
		Release|Any CPU = Release|Any CPU
	EndGlobalSection
	GlobalSection(ProjectConfigurationPlatforms) = postSolution
		{8B4D00C9-3F96-414C-8312-BB7B0B67BD0E}.Debug|Any CPU.ActiveCfg = Debug|Any CPU
		{8B4D00C9-3F96-414C-8312-BB7B0B67BD0E}.Debug|Any CPU.Build.0 = Debug|Any CPU
		{8B4D00C9-3F96-414C-8312-BB7B0B67BD0E}.Release|Any CPU.ActiveCfg = Release|Any CPU
		{8B4D00C9-3F96-414C-8312-BB7B0B67BD0E}.Release|Any CPU.Build.0 = Release|Any CPU
	EndGlobalSection
	GlobalSection(SolutionProperties) = preSolution
		HideSolutionNode = FALSE
	EndGlobalSection
	GlobalSection(ExtensibilityGlobals) = postSolution
		SolutionGuid = {1C3CCEAC-F066-42E1-AA6A-994D56B90E8E}
	EndGlobalSection
EndGlobal
