
Microsoft Visual Studio Solution File, Format Version 12.00
# Visual Studio Version 17
VisualStudioVersion = 17.7.34202.233
MinimumVisualStudioVersion = 10.0.40219.1
Project("{FAE04EC0-301F-11D3-BF4B-00C04F79EFBC}") = "Sokoban Project", "Sokoban Project\Sokoban Project.csproj", "{9232E098-266C-48D3-A308-180D4C45F2A4}"
EndProject
Global
	GlobalSection(SolutionConfigurationPlatforms) = preSolution
		Debug|Any CPU = Debug|Any CPU
		Release|Any CPU = Release|Any CPU
	EndGlobalSection
	GlobalSection(ProjectConfigurationPlatforms) = postSolution
		{9232E098-266C-48D3-A308-180D4C45F2A4}.Debug|Any CPU.ActiveCfg = Debug|Any CPU
		{9232E098-266C-48D3-A308-180D4C45F2A4}.Debug|Any CPU.Build.0 = Debug|Any CPU
		{9232E098-266C-48D3-A308-180D4C45F2A4}.Release|Any CPU.ActiveCfg = Release|Any CPU
		{9232E098-266C-48D3-A308-180D4C45F2A4}.Release|Any CPU.Build.0 = Release|Any CPU
	EndGlobalSection
	GlobalSection(SolutionProperties) = preSolution
		HideSolutionNode = FALSE
	EndGlobalSection
	GlobalSection(ExtensibilityGlobals) = postSolution
		SolutionGuid = {466B86C8-18F5-4E18-98A4-E7867061840C}
	EndGlobalSection
EndGlobal
